<Solution>
  <Folder Name="/src/">
    <Project Path="src/Battleship.Api/Battleship.Api.csproj" />
    <Project Path="src/Battleship.Domain/Battleship.Domain.csproj" />
    <Project Path="src/Battleship.Infrastructure/Battleship.Infrastructure.csproj" />
    <Project Path="src/Battleship.Web/Battleship.Web.csproj" />
  </Folder>
  <Folder Name="/tests/">
    <Project Path="tests/Battleship.Api.IntegrationTests/Battleship.Api.IntegrationTests.csproj" />
    <Project Path="tests/Battleship.Domain.Tests/Battleship.Domain.Tests.csproj" />
  </Folder>
</Solution>
